
Microsoft Visual Studio Solution File, Format Version 12.00
# Visual Studio 15
VisualStudioVersion = 15.0.26124.0
MinimumVisualStudioVersion = 15.0.26124.0
Project("{2150E333-8FDC-42A3-9474-1A3956D46DE8}") = "src", "src", "{F7B9BFB1-C836-4432-BE64-719A38E0BBEF}"
EndProject
Project("{9A19103F-16F7-4668-BE54-9A1E7A4F7556}") = "Voltaic.Core", "src\Voltaic.Core\Voltaic.Core.csproj", "{4A6201B4-9FDD-4A39-BF8F-EBD96DEA2AB8}"
EndProject
Project("{9A19103F-16F7-4668-BE54-9A1E7A4F7556}") = "Voltaic.Serialization", "src\Voltaic.Serialization\Voltaic.Serialization.csproj", "{2ABC36D6-8D01-41C1-BB3A-550EB407E53C}"
EndProject
Project("{2150E333-8FDC-42A3-9474-1A3956D46DE8}") = "test", "test", "{9806905E-1B09-4AC2-BF4F-731C9E473F94}"
EndProject
Project("{9A19103F-16F7-4668-BE54-9A1E7A4F7556}") = "Voltaic.Serialization.Json.Tests", "test\Voltaic.Serialization.Json.Tests\Voltaic.Serialization.Json.Tests.csproj", "{8F2A6970-5C67-48B6-9B0C-3698217DF1A3}"
EndProject
Project("{9A19103F-16F7-4668-BE54-9A1E7A4F7556}") = "Voltaic.Serialization.Json", "src\Voltaic.Serialization.Json\Voltaic.Serialization.Json.csproj", "{AD2661EF-98F7-4D41-8E4C-17C94384405E}"
EndProject
Project("{9A19103F-16F7-4668-BE54-9A1E7A4F7556}") = "Voltaic.Serialization.Utf8", "src\Voltaic.Serialization.Utf8\Voltaic.Serialization.Utf8.csproj", "{D9800878-58EE-4EB1-9C34-04E84EF0EEB4}"
EndProject
Project("{9A19103F-16F7-4668-BE54-9A1E7A4F7556}") = "Voltaic.Serialization.Utf8.Tests", "test\Voltaic.Serialization.Utf8.Tests\Voltaic.Serialization.Utf8.Tests.csproj", "{BB9B29ED-7F4D-49F5-9D76-7DADA4E24693}"
EndProject
Project("{9A19103F-16F7-4668-BE54-9A1E7A4F7556}") = "Voltaic.Serialization.Etf.Tests", "test\Voltaic.Serialization.Etf.Tests\Voltaic.Serialization.Etf.Tests.csproj", "{D553E90C-BE28-4AC1-B580-D7DA4440868D}"
EndProject
Project("{9A19103F-16F7-4668-BE54-9A1E7A4F7556}") = "Voltaic.Serialization.Etf", "src\Voltaic.Serialization.Etf\Voltaic.Serialization.Etf.csproj", "{79306626-431D-4A91-928C-248AD4687E08}"
EndProject
Project("{9A19103F-16F7-4668-BE54-9A1E7A4F7556}") = "Voltaic.Serialization.Tests", "test\Voltaic.Serialization.Tests\Voltaic.Serialization.Tests.csproj", "{00674FD3-EB1A-4978-9604-3C463C7A0DF0}"
EndProject
Project("{9A19103F-16F7-4668-BE54-9A1E7A4F7556}") = "Wumpus.Net", "src\Wumpus.Net\Wumpus.Net.csproj", "{6A752D5D-1069-4DED-BC0C-77C8C9F1E0B7}"
EndProject
Project("{FAE04EC0-301F-11D3-BF4B-00C04F79EFBC}") = "Wumpus.Net.Tests", "Wumpus.Net.Tests\Wumpus.Net.Tests.csproj", "{B938E081-1B9D-44F6-AD7D-5E5C8F9E4F5C}"
EndProject
Global
	GlobalSection(SolutionConfigurationPlatforms) = preSolution
		Debug|Any CPU = Debug|Any CPU
		Debug|x64 = Debug|x64
		Debug|x86 = Debug|x86
		Release|Any CPU = Release|Any CPU
		Release|x64 = Release|x64
		Release|x86 = Release|x86
	EndGlobalSection
	GlobalSection(ProjectConfigurationPlatforms) = postSolution
		{4A6201B4-9FDD-4A39-BF8F-EBD96DEA2AB8}.Debug|Any CPU.ActiveCfg = Debug|Any CPU
		{4A6201B4-9FDD-4A39-BF8F-EBD96DEA2AB8}.Debug|Any CPU.Build.0 = Debug|Any CPU
		{4A6201B4-9FDD-4A39-BF8F-EBD96DEA2AB8}.Debug|x64.ActiveCfg = Debug|Any CPU
		{4A6201B4-9FDD-4A39-BF8F-EBD96DEA2AB8}.Debug|x64.Build.0 = Debug|Any CPU
		{4A6201B4-9FDD-4A39-BF8F-EBD96DEA2AB8}.Debug|x86.ActiveCfg = Debug|Any CPU
		{4A6201B4-9FDD-4A39-BF8F-EBD96DEA2AB8}.Debug|x86.Build.0 = Debug|Any CPU
		{4A6201B4-9FDD-4A39-BF8F-EBD96DEA2AB8}.Release|Any CPU.ActiveCfg = Release|Any CPU
		{4A6201B4-9FDD-4A39-BF8F-EBD96DEA2AB8}.Release|Any CPU.Build.0 = Release|Any CPU
		{4A6201B4-9FDD-4A39-BF8F-EBD96DEA2AB8}.Release|x64.ActiveCfg = Release|Any CPU
		{4A6201B4-9FDD-4A39-BF8F-EBD96DEA2AB8}.Release|x64.Build.0 = Release|Any CPU
		{4A6201B4-9FDD-4A39-BF8F-EBD96DEA2AB8}.Release|x86.ActiveCfg = Release|Any CPU
		{4A6201B4-9FDD-4A39-BF8F-EBD96DEA2AB8}.Release|x86.Build.0 = Release|Any CPU
		{2ABC36D6-8D01-41C1-BB3A-550EB407E53C}.Debug|Any CPU.ActiveCfg = Debug|Any CPU
		{2ABC36D6-8D01-41C1-BB3A-550EB407E53C}.Debug|Any CPU.Build.0 = Debug|Any CPU
		{2ABC36D6-8D01-41C1-BB3A-550EB407E53C}.Debug|x64.ActiveCfg = Debug|Any CPU
		{2ABC36D6-8D01-41C1-BB3A-550EB407E53C}.Debug|x64.Build.0 = Debug|Any CPU
		{2ABC36D6-8D01-41C1-BB3A-550EB407E53C}.Debug|x86.ActiveCfg = Debug|Any CPU
		{2ABC36D6-8D01-41C1-BB3A-550EB407E53C}.Debug|x86.Build.0 = Debug|Any CPU
		{2ABC36D6-8D01-41C1-BB3A-550EB407E53C}.Release|Any CPU.ActiveCfg = Release|Any CPU
		{2ABC36D6-8D01-41C1-BB3A-550EB407E53C}.Release|Any CPU.Build.0 = Release|Any CPU
		{2ABC36D6-8D01-41C1-BB3A-550EB407E53C}.Release|x64.ActiveCfg = Release|Any CPU
		{2ABC36D6-8D01-41C1-BB3A-550EB407E53C}.Release|x64.Build.0 = Release|Any CPU
		{2ABC36D6-8D01-41C1-BB3A-550EB407E53C}.Release|x86.ActiveCfg = Release|Any CPU
		{2ABC36D6-8D01-41C1-BB3A-550EB407E53C}.Release|x86.Build.0 = Release|Any CPU
		{8F2A6970-5C67-48B6-9B0C-3698217DF1A3}.Debug|Any CPU.ActiveCfg = Debug|Any CPU
		{8F2A6970-5C67-48B6-9B0C-3698217DF1A3}.Debug|Any CPU.Build.0 = Debug|Any CPU
		{8F2A6970-5C67-48B6-9B0C-3698217DF1A3}.Debug|x64.ActiveCfg = Debug|Any CPU
		{8F2A6970-5C67-48B6-9B0C-3698217DF1A3}.Debug|x64.Build.0 = Debug|Any CPU
		{8F2A6970-5C67-48B6-9B0C-3698217DF1A3}.Debug|x86.ActiveCfg = Debug|Any CPU
		{8F2A6970-5C67-48B6-9B0C-3698217DF1A3}.Debug|x86.Build.0 = Debug|Any CPU
		{8F2A6970-5C67-48B6-9B0C-3698217DF1A3}.Release|Any CPU.ActiveCfg = Release|Any CPU
		{8F2A6970-5C67-48B6-9B0C-3698217DF1A3}.Release|Any CPU.Build.0 = Release|Any CPU
		{8F2A6970-5C67-48B6-9B0C-3698217DF1A3}.Release|x64.ActiveCfg = Release|Any CPU
		{8F2A6970-5C67-48B6-9B0C-3698217DF1A3}.Release|x64.Build.0 = Release|Any CPU
		{8F2A6970-5C67-48B6-9B0C-3698217DF1A3}.Release|x86.ActiveCfg = Release|Any CPU
		{8F2A6970-5C67-48B6-9B0C-3698217DF1A3}.Release|x86.Build.0 = Release|Any CPU
		{AD2661EF-98F7-4D41-8E4C-17C94384405E}.Debug|Any CPU.ActiveCfg = Debug|Any CPU
		{AD2661EF-98F7-4D41-8E4C-17C94384405E}.Debug|Any CPU.Build.0 = Debug|Any CPU
		{AD2661EF-98F7-4D41-8E4C-17C94384405E}.Debug|x64.ActiveCfg = Debug|Any CPU
		{AD2661EF-98F7-4D41-8E4C-17C94384405E}.Debug|x64.Build.0 = Debug|Any CPU
		{AD2661EF-98F7-4D41-8E4C-17C94384405E}.Debug|x86.ActiveCfg = Debug|Any CPU
		{AD2661EF-98F7-4D41-8E4C-17C94384405E}.Debug|x86.Build.0 = Debug|Any CPU
		{AD2661EF-98F7-4D41-8E4C-17C94384405E}.Release|Any CPU.ActiveCfg = Release|Any CPU
		{AD2661EF-98F7-4D41-8E4C-17C94384405E}.Release|Any CPU.Build.0 = Release|Any CPU
		{AD2661EF-98F7-4D41-8E4C-17C94384405E}.Release|x64.ActiveCfg = Release|Any CPU
		{AD2661EF-98F7-4D41-8E4C-17C94384405E}.Release|x64.Build.0 = Release|Any CPU
		{AD2661EF-98F7-4D41-8E4C-17C94384405E}.Release|x86.ActiveCfg = Release|Any CPU
		{AD2661EF-98F7-4D41-8E4C-17C94384405E}.Release|x86.Build.0 = Release|Any CPU
		{D9800878-58EE-4EB1-9C34-04E84EF0EEB4}.Debug|Any CPU.ActiveCfg = Debug|Any CPU
		{D9800878-58EE-4EB1-9C34-04E84EF0EEB4}.Debug|Any CPU.Build.0 = Debug|Any CPU
		{D9800878-58EE-4EB1-9C34-04E84EF0EEB4}.Debug|x64.ActiveCfg = Debug|Any CPU
		{D9800878-58EE-4EB1-9C34-04E84EF0EEB4}.Debug|x64.Build.0 = Debug|Any CPU
		{D9800878-58EE-4EB1-9C34-04E84EF0EEB4}.Debug|x86.ActiveCfg = Debug|Any CPU
		{D9800878-58EE-4EB1-9C34-04E84EF0EEB4}.Debug|x86.Build.0 = Debug|Any CPU
		{D9800878-58EE-4EB1-9C34-04E84EF0EEB4}.Release|Any CPU.ActiveCfg = Release|Any CPU
		{D9800878-58EE-4EB1-9C34-04E84EF0EEB4}.Release|Any CPU.Build.0 = Release|Any CPU
		{D9800878-58EE-4EB1-9C34-04E84EF0EEB4}.Release|x64.ActiveCfg = Release|Any CPU
		{D9800878-58EE-4EB1-9C34-04E84EF0EEB4}.Release|x64.Build.0 = Release|Any CPU
		{D9800878-58EE-4EB1-9C34-04E84EF0EEB4}.Release|x86.ActiveCfg = Release|Any CPU
		{D9800878-58EE-4EB1-9C34-04E84EF0EEB4}.Release|x86.Build.0 = Release|Any CPU
		{BB9B29ED-7F4D-49F5-9D76-7DADA4E24693}.Debug|Any CPU.ActiveCfg = Debug|Any CPU
		{BB9B29ED-7F4D-49F5-9D76-7DADA4E24693}.Debug|Any CPU.Build.0 = Debug|Any CPU
		{BB9B29ED-7F4D-49F5-9D76-7DADA4E24693}.Debug|x64.ActiveCfg = Debug|Any CPU
		{BB9B29ED-7F4D-49F5-9D76-7DADA4E24693}.Debug|x64.Build.0 = Debug|Any CPU
		{BB9B29ED-7F4D-49F5-9D76-7DADA4E24693}.Debug|x86.ActiveCfg = Debug|Any CPU
		{BB9B29ED-7F4D-49F5-9D76-7DADA4E24693}.Debug|x86.Build.0 = Debug|Any CPU
		{BB9B29ED-7F4D-49F5-9D76-7DADA4E24693}.Release|Any CPU.ActiveCfg = Release|Any CPU
		{BB9B29ED-7F4D-49F5-9D76-7DADA4E24693}.Release|Any CPU.Build.0 = Release|Any CPU
		{BB9B29ED-7F4D-49F5-9D76-7DADA4E24693}.Release|x64.ActiveCfg = Release|Any CPU
		{BB9B29ED-7F4D-49F5-9D76-7DADA4E24693}.Release|x64.Build.0 = Release|Any CPU
		{BB9B29ED-7F4D-49F5-9D76-7DADA4E24693}.Release|x86.ActiveCfg = Release|Any CPU
		{BB9B29ED-7F4D-49F5-9D76-7DADA4E24693}.Release|x86.Build.0 = Release|Any CPU
		{D553E90C-BE28-4AC1-B580-D7DA4440868D}.Debug|Any CPU.ActiveCfg = Debug|Any CPU
		{D553E90C-BE28-4AC1-B580-D7DA4440868D}.Debug|Any CPU.Build.0 = Debug|Any CPU
		{D553E90C-BE28-4AC1-B580-D7DA4440868D}.Debug|x64.ActiveCfg = Debug|Any CPU
		{D553E90C-BE28-4AC1-B580-D7DA4440868D}.Debug|x64.Build.0 = Debug|Any CPU
		{D553E90C-BE28-4AC1-B580-D7DA4440868D}.Debug|x86.ActiveCfg = Debug|Any CPU
		{D553E90C-BE28-4AC1-B580-D7DA4440868D}.Debug|x86.Build.0 = Debug|Any CPU
		{D553E90C-BE28-4AC1-B580-D7DA4440868D}.Release|Any CPU.ActiveCfg = Release|Any CPU
		{D553E90C-BE28-4AC1-B580-D7DA4440868D}.Release|Any CPU.Build.0 = Release|Any CPU
		{D553E90C-BE28-4AC1-B580-D7DA4440868D}.Release|x64.ActiveCfg = Release|Any CPU
		{D553E90C-BE28-4AC1-B580-D7DA4440868D}.Release|x64.Build.0 = Release|Any CPU
		{D553E90C-BE28-4AC1-B580-D7DA4440868D}.Release|x86.ActiveCfg = Release|Any CPU
		{D553E90C-BE28-4AC1-B580-D7DA4440868D}.Release|x86.Build.0 = Release|Any CPU
		{79306626-431D-4A91-928C-248AD4687E08}.Debug|Any CPU.ActiveCfg = Debug|Any CPU
		{79306626-431D-4A91-928C-248AD4687E08}.Debug|Any CPU.Build.0 = Debug|Any CPU
		{79306626-431D-4A91-928C-248AD4687E08}.Debug|x64.ActiveCfg = Debug|Any CPU
		{79306626-431D-4A91-928C-248AD4687E08}.Debug|x64.Build.0 = Debug|Any CPU
		{79306626-431D-4A91-928C-248AD4687E08}.Debug|x86.ActiveCfg = Debug|Any CPU
		{79306626-431D-4A91-928C-248AD4687E08}.Debug|x86.Build.0 = Debug|Any CPU
		{79306626-431D-4A91-928C-248AD4687E08}.Release|Any CPU.ActiveCfg = Release|Any CPU
		{79306626-431D-4A91-928C-248AD4687E08}.Release|Any CPU.Build.0 = Release|Any CPU
		{79306626-431D-4A91-928C-248AD4687E08}.Release|x64.ActiveCfg = Release|Any CPU
		{79306626-431D-4A91-928C-248AD4687E08}.Release|x64.Build.0 = Release|Any CPU
		{79306626-431D-4A91-928C-248AD4687E08}.Release|x86.ActiveCfg = Release|Any CPU
		{79306626-431D-4A91-928C-248AD4687E08}.Release|x86.Build.0 = Release|Any CPU
		{00674FD3-EB1A-4978-9604-3C463C7A0DF0}.Debug|Any CPU.ActiveCfg = Debug|Any CPU
		{00674FD3-EB1A-4978-9604-3C463C7A0DF0}.Debug|Any CPU.Build.0 = Debug|Any CPU
		{00674FD3-EB1A-4978-9604-3C463C7A0DF0}.Debug|x64.ActiveCfg = Debug|Any CPU
		{00674FD3-EB1A-4978-9604-3C463C7A0DF0}.Debug|x64.Build.0 = Debug|Any CPU
		{00674FD3-EB1A-4978-9604-3C463C7A0DF0}.Debug|x86.ActiveCfg = Debug|Any CPU
		{00674FD3-EB1A-4978-9604-3C463C7A0DF0}.Debug|x86.Build.0 = Debug|Any CPU
		{00674FD3-EB1A-4978-9604-3C463C7A0DF0}.Release|Any CPU.ActiveCfg = Release|Any CPU
		{00674FD3-EB1A-4978-9604-3C463C7A0DF0}.Release|Any CPU.Build.0 = Release|Any CPU
		{00674FD3-EB1A-4978-9604-3C463C7A0DF0}.Release|x64.ActiveCfg = Release|Any CPU
		{00674FD3-EB1A-4978-9604-3C463C7A0DF0}.Release|x64.Build.0 = Release|Any CPU
		{00674FD3-EB1A-4978-9604-3C463C7A0DF0}.Release|x86.ActiveCfg = Release|Any CPU
		{00674FD3-EB1A-4978-9604-3C463C7A0DF0}.Release|x86.Build.0 = Release|Any CPU
		{6A752D5D-1069-4DED-BC0C-77C8C9F1E0B7}.Debug|Any CPU.ActiveCfg = Debug|Any CPU
		{6A752D5D-1069-4DED-BC0C-77C8C9F1E0B7}.Debug|Any CPU.Build.0 = Debug|Any CPU
		{6A752D5D-1069-4DED-BC0C-77C8C9F1E0B7}.Debug|x64.ActiveCfg = Debug|Any CPU
		{6A752D5D-1069-4DED-BC0C-77C8C9F1E0B7}.Debug|x64.Build.0 = Debug|Any CPU
		{6A752D5D-1069-4DED-BC0C-77C8C9F1E0B7}.Debug|x86.ActiveCfg = Debug|Any CPU
		{6A752D5D-1069-4DED-BC0C-77C8C9F1E0B7}.Debug|x86.Build.0 = Debug|Any CPU
		{6A752D5D-1069-4DED-BC0C-77C8C9F1E0B7}.Release|Any CPU.ActiveCfg = Release|Any CPU
		{6A752D5D-1069-4DED-BC0C-77C8C9F1E0B7}.Release|Any CPU.Build.0 = Release|Any CPU
		{6A752D5D-1069-4DED-BC0C-77C8C9F1E0B7}.Release|x64.ActiveCfg = Release|Any CPU
		{6A752D5D-1069-4DED-BC0C-77C8C9F1E0B7}.Release|x64.Build.0 = Release|Any CPU
		{6A752D5D-1069-4DED-BC0C-77C8C9F1E0B7}.Release|x86.ActiveCfg = Release|Any CPU
		{6A752D5D-1069-4DED-BC0C-77C8C9F1E0B7}.Release|x86.Build.0 = Release|Any CPU
		{B938E081-1B9D-44F6-AD7D-5E5C8F9E4F5C}.Debug|Any CPU.ActiveCfg = Debug|Any CPU
		{B938E081-1B9D-44F6-AD7D-5E5C8F9E4F5C}.Debug|Any CPU.Build.0 = Debug|Any CPU
		{B938E081-1B9D-44F6-AD7D-5E5C8F9E4F5C}.Debug|x64.ActiveCfg = Debug|Any CPU
		{B938E081-1B9D-44F6-AD7D-5E5C8F9E4F5C}.Debug|x64.Build.0 = Debug|Any CPU
		{B938E081-1B9D-44F6-AD7D-5E5C8F9E4F5C}.Debug|x86.ActiveCfg = Debug|Any CPU
		{B938E081-1B9D-44F6-AD7D-5E5C8F9E4F5C}.Debug|x86.Build.0 = Debug|Any CPU
		{B938E081-1B9D-44F6-AD7D-5E5C8F9E4F5C}.Release|Any CPU.ActiveCfg = Release|Any CPU
		{B938E081-1B9D-44F6-AD7D-5E5C8F9E4F5C}.Release|Any CPU.Build.0 = Release|Any CPU
		{B938E081-1B9D-44F6-AD7D-5E5C8F9E4F5C}.Release|x64.ActiveCfg = Release|Any CPU
		{B938E081-1B9D-44F6-AD7D-5E5C8F9E4F5C}.Release|x64.Build.0 = Release|Any CPU
		{B938E081-1B9D-44F6-AD7D-5E5C8F9E4F5C}.Release|x86.ActiveCfg = Release|Any CPU
		{B938E081-1B9D-44F6-AD7D-5E5C8F9E4F5C}.Release|x86.Build.0 = Release|Any CPU
	EndGlobalSection
	GlobalSection(SolutionProperties) = preSolution
		HideSolutionNode = FALSE
	EndGlobalSection
	GlobalSection(NestedProjects) = preSolution
		{4A6201B4-9FDD-4A39-BF8F-EBD96DEA2AB8} = {F7B9BFB1-C836-4432-BE64-719A38E0BBEF}
		{2ABC36D6-8D01-41C1-BB3A-550EB407E53C} = {F7B9BFB1-C836-4432-BE64-719A38E0BBEF}
		{8F2A6970-5C67-48B6-9B0C-3698217DF1A3} = {9806905E-1B09-4AC2-BF4F-731C9E473F94}
		{AD2661EF-98F7-4D41-8E4C-17C94384405E} = {F7B9BFB1-C836-4432-BE64-719A38E0BBEF}
		{D9800878-58EE-4EB1-9C34-04E84EF0EEB4} = {F7B9BFB1-C836-4432-BE64-719A38E0BBEF}
		{BB9B29ED-7F4D-49F5-9D76-7DADA4E24693} = {9806905E-1B09-4AC2-BF4F-731C9E473F94}
		{D553E90C-BE28-4AC1-B580-D7DA4440868D} = {9806905E-1B09-4AC2-BF4F-731C9E473F94}
		{79306626-431D-4A91-928C-248AD4687E08} = {F7B9BFB1-C836-4432-BE64-719A38E0BBEF}
		{00674FD3-EB1A-4978-9604-3C463C7A0DF0} = {9806905E-1B09-4AC2-BF4F-731C9E473F94}
		{6A752D5D-1069-4DED-BC0C-77C8C9F1E0B7} = {F7B9BFB1-C836-4432-BE64-719A38E0BBEF}
		{B938E081-1B9D-44F6-AD7D-5E5C8F9E4F5C} = {9806905E-1B09-4AC2-BF4F-731C9E473F94}
	EndGlobalSection
	GlobalSection(ExtensibilityGlobals) = postSolution
		SolutionGuid = {B5B02039-F4C2-44C6-91B8-340E44472AED}
	EndGlobalSection
EndGlobal
