
Microsoft Visual Studio Solution File, Format Version 12.00
# Visual Studio 15
VisualStudioVersion = 15.0.26124.0
MinimumVisualStudioVersion = 15.0.26124.0
Project("{2150E333-8FDC-42A3-9474-1A3956D46DE8}") = "src", "src", "{F7B9BFB1-C836-4432-BE64-719A38E0BBEF}"
EndProject
Project("{9A19103F-16F7-4668-BE54-9A1E7A4F7556}") = "Voltaic.Core", "src\Voltaic.Core\Voltaic.Core.csproj", "{4A6201B4-9FDD-4A39-BF8F-EBD96DEA2AB8}"
EndProject
Project("{9A19103F-16F7-4668-BE54-9A1E7A4F7556}") = "Voltaic.Serialization", "src\Voltaic.Serialization\Voltaic.Serialization.csproj", "{2ABC36D6-8D01-41C1-BB3A-550EB407E53C}"
EndProject
Project("{2150E333-8FDC-42A3-9474-1A3956D46DE8}") = "test", "test", "{9806905E-1B09-4AC2-BF4F-731C9E473F94}"
EndProject
Project("{9A19103F-16F7-4668-BE54-9A1E7A4F7556}") = "Voltaic.Serialization.Json.Tests", "test\Voltaic.Serialization.Json.Tests\Voltaic.Serialization.Json.Tests.csproj", "{8F2A6970-5C67-48B6-9B0C-3698217DF1A3}"
EndProject
Project("{9A19103F-16F7-4668-BE54-9A1E7A4F7556}") = "Voltaic.Serialization.Json", "src\Voltaic.Serialization.Json\Voltaic.Serialization.Json.csproj", "{AD2661EF-98F7-4D41-8E4C-17C94384405E}"
EndProject
Project("{9A19103F-16F7-4668-BE54-9A1E7A4F7556}") = "Voltaic.Serialization.Utf8", "src\Voltaic.Serialization.Utf8\Voltaic.Serialization.Utf8.csproj", "{D9800878-58EE-4EB1-9C34-04E84EF0EEB4}"
EndProject
Project("{9A19103F-16F7-4668-BE54-9A1E7A4F7556}") = "Voltaic.Serialization.Utf8.Tests", "test\Voltaic.Serialization.Utf8.Tests\Voltaic.Serialization.Utf8.Tests.csproj", "{BB9B29ED-7F4D-49F5-9D76-7DADA4E24693}"
EndProject
Project("{9A19103F-16F7-4668-BE54-9A1E7A4F7556}") = "Voltaic.Serialization.Etf.Tests", "test\Voltaic.Serialization.Etf.Tests\Voltaic.Serialization.Etf.Tests.csproj", "{D553E90C-BE28-4AC1-B580-D7DA4440868D}"
EndProject
Project("{9A19103F-16F7-4668-BE54-9A1E7A4F7556}") = "Voltaic.Serialization.Etf", "src\Voltaic.Serialization.Etf\Voltaic.Serialization.Etf.csproj", "{79306626-431D-4A91-928C-248AD4687E08}"
EndProject
Project("{2150E333-8FDC-42A3-9474-1A3956D46DE8}") = "Solution Items", "Solution Items", "{90E3631E-FE7C-4546-A54E-6E0750E18851}"
	ProjectSection(SolutionItems) = preProject
		appveyor.yml = appveyor.yml
		nuget.config = nuget.config
	EndProjectSection
EndProject
Project("{9A19103F-16F7-4668-BE54-9A1E7A4F7556}") = "Wumpus.Net.Core", "src\Wumpus.Net.Core\Wumpus.Net.Core.csproj", "{3DC16C86-8FB7-45B0-81BE-392772A7C439}"
EndProject
Project("{9A19103F-16F7-4668-BE54-9A1E7A4F7556}") = "Wumpus.Net.Gateway", "src\Wumpus.Net.Gateway\Wumpus.Net.Gateway.csproj", "{E5A94017-E021-4293-9828-237E6CF0D5D7}"
EndProject
Project("{9A19103F-16F7-4668-BE54-9A1E7A4F7556}") = "Wumpus.Net.Rest", "src\Wumpus.Net.Rest\Wumpus.Net.Rest.csproj", "{532022DA-BB93-471C-B948-25A5495B716C}"
EndProject
Project("{9A19103F-16F7-4668-BE54-9A1E7A4F7556}") = "Wumpus.Net.Rpc", "src\Wumpus.Net.Rpc\Wumpus.Net.Rpc.csproj", "{79E1586B-E3D3-40F9-8724-25821835A9B2}"
EndProject
Project("{9A19103F-16F7-4668-BE54-9A1E7A4F7556}") = "Wumpus.Net.Rest.Tests", "test\Wumpus.Net.Rest.Tests\Wumpus.Net.Rest.Tests.csproj", "{57D5C6C1-6BBC-41E1-8DD2-D7F866628994}"
EndProject
Project("{9A19103F-16F7-4668-BE54-9A1E7A4F7556}") = "Wumpus.Net.Gateway.Tests", "test\Wumpus.Net.Gateway.Tests\Wumpus.Net.Gateway.Tests.csproj", "{475DB8E7-623B-4F6F-877F-D0C818C17F34}"
EndProject
Project("{9A19103F-16F7-4668-BE54-9A1E7A4F7556}") = "Wumpus.Net.Rpc.Tests", "test\Wumpus.Net.Rpc.Tests\Wumpus.Net.Rpc.Tests.csproj", "{0967FF88-E435-4132-9524-B252A3D9BCD6}"
EndProject
Project("{FAE04EC0-301F-11D3-BF4B-00C04F79EFBC}") = "Wumpus.Net.Server", "src\Wumpus.Net.Server\Wumpus.Net.Server.csproj", "{745F9D4C-C664-4702-A547-05E97372AAF4}"
EndProject
Global
	GlobalSection(SolutionConfigurationPlatforms) = preSolution
		Debug|Any CPU = Debug|Any CPU
		Debug|x64 = Debug|x64
		Debug|x86 = Debug|x86
		Release|Any CPU = Release|Any CPU
		Release|x64 = Release|x64
		Release|x86 = Release|x86
	EndGlobalSection
	GlobalSection(ProjectConfigurationPlatforms) = postSolution
		{4A6201B4-9FDD-4A39-BF8F-EBD96DEA2AB8}.Debug|Any CPU.ActiveCfg = Debug|Any CPU
		{4A6201B4-9FDD-4A39-BF8F-EBD96DEA2AB8}.Debug|Any CPU.Build.0 = Debug|Any CPU
		{4A6201B4-9FDD-4A39-BF8F-EBD96DEA2AB8}.Debug|x64.ActiveCfg = Debug|Any CPU
		{4A6201B4-9FDD-4A39-BF8F-EBD96DEA2AB8}.Debug|x64.Build.0 = Debug|Any CPU
		{4A6201B4-9FDD-4A39-BF8F-EBD96DEA2AB8}.Debug|x86.ActiveCfg = Debug|Any CPU
		{4A6201B4-9FDD-4A39-BF8F-EBD96DEA2AB8}.Debug|x86.Build.0 = Debug|Any CPU
		{4A6201B4-9FDD-4A39-BF8F-EBD96DEA2AB8}.Release|Any CPU.ActiveCfg = Release|Any CPU
		{4A6201B4-9FDD-4A39-BF8F-EBD96DEA2AB8}.Release|Any CPU.Build.0 = Release|Any CPU
		{4A6201B4-9FDD-4A39-BF8F-EBD96DEA2AB8}.Release|x64.ActiveCfg = Release|Any CPU
		{4A6201B4-9FDD-4A39-BF8F-EBD96DEA2AB8}.Release|x64.Build.0 = Release|Any CPU
		{4A6201B4-9FDD-4A39-BF8F-EBD96DEA2AB8}.Release|x86.ActiveCfg = Release|Any CPU
		{4A6201B4-9FDD-4A39-BF8F-EBD96DEA2AB8}.Release|x86.Build.0 = Release|Any CPU
		{2ABC36D6-8D01-41C1-BB3A-550EB407E53C}.Debug|Any CPU.ActiveCfg = Debug|Any CPU
		{2ABC36D6-8D01-41C1-BB3A-550EB407E53C}.Debug|Any CPU.Build.0 = Debug|Any CPU
		{2ABC36D6-8D01-41C1-BB3A-550EB407E53C}.Debug|x64.ActiveCfg = Debug|Any CPU
		{2ABC36D6-8D01-41C1-BB3A-550EB407E53C}.Debug|x64.Build.0 = Debug|Any CPU
		{2ABC36D6-8D01-41C1-BB3A-550EB407E53C}.Debug|x86.ActiveCfg = Debug|Any CPU
		{2ABC36D6-8D01-41C1-BB3A-550EB407E53C}.Debug|x86.Build.0 = Debug|Any CPU
		{2ABC36D6-8D01-41C1-BB3A-550EB407E53C}.Release|Any CPU.ActiveCfg = Release|Any CPU
		{2ABC36D6-8D01-41C1-BB3A-550EB407E53C}.Release|Any CPU.Build.0 = Release|Any CPU
		{2ABC36D6-8D01-41C1-BB3A-550EB407E53C}.Release|x64.ActiveCfg = Release|Any CPU
		{2ABC36D6-8D01-41C1-BB3A-550EB407E53C}.Release|x64.Build.0 = Release|Any CPU
		{2ABC36D6-8D01-41C1-BB3A-550EB407E53C}.Release|x86.ActiveCfg = Release|Any CPU
		{2ABC36D6-8D01-41C1-BB3A-550EB407E53C}.Release|x86.Build.0 = Release|Any CPU
		{8F2A6970-5C67-48B6-9B0C-3698217DF1A3}.Debug|Any CPU.ActiveCfg = Debug|Any CPU
		{8F2A6970-5C67-48B6-9B0C-3698217DF1A3}.Debug|Any CPU.Build.0 = Debug|Any CPU
		{8F2A6970-5C67-48B6-9B0C-3698217DF1A3}.Debug|x64.ActiveCfg = Debug|Any CPU
		{8F2A6970-5C67-48B6-9B0C-3698217DF1A3}.Debug|x64.Build.0 = Debug|Any CPU
		{8F2A6970-5C67-48B6-9B0C-3698217DF1A3}.Debug|x86.ActiveCfg = Debug|Any CPU
		{8F2A6970-5C67-48B6-9B0C-3698217DF1A3}.Debug|x86.Build.0 = Debug|Any CPU
		{8F2A6970-5C67-48B6-9B0C-3698217DF1A3}.Release|Any CPU.ActiveCfg = Release|Any CPU
		{8F2A6970-5C67-48B6-9B0C-3698217DF1A3}.Release|Any CPU.Build.0 = Release|Any CPU
		{8F2A6970-5C67-48B6-9B0C-3698217DF1A3}.Release|x64.ActiveCfg = Release|Any CPU
		{8F2A6970-5C67-48B6-9B0C-3698217DF1A3}.Release|x64.Build.0 = Release|Any CPU
		{8F2A6970-5C67-48B6-9B0C-3698217DF1A3}.Release|x86.ActiveCfg = Release|Any CPU
		{8F2A6970-5C67-48B6-9B0C-3698217DF1A3}.Release|x86.Build.0 = Release|Any CPU
		{AD2661EF-98F7-4D41-8E4C-17C94384405E}.Debug|Any CPU.ActiveCfg = Debug|Any CPU
		{AD2661EF-98F7-4D41-8E4C-17C94384405E}.Debug|Any CPU.Build.0 = Debug|Any CPU
		{AD2661EF-98F7-4D41-8E4C-17C94384405E}.Debug|x64.ActiveCfg = Debug|Any CPU
		{AD2661EF-98F7-4D41-8E4C-17C94384405E}.Debug|x64.Build.0 = Debug|Any CPU
		{AD2661EF-98F7-4D41-8E4C-17C94384405E}.Debug|x86.ActiveCfg = Debug|Any CPU
		{AD2661EF-98F7-4D41-8E4C-17C94384405E}.Debug|x86.Build.0 = Debug|Any CPU
		{AD2661EF-98F7-4D41-8E4C-17C94384405E}.Release|Any CPU.ActiveCfg = Release|Any CPU
		{AD2661EF-98F7-4D41-8E4C-17C94384405E}.Release|Any CPU.Build.0 = Release|Any CPU
		{AD2661EF-98F7-4D41-8E4C-17C94384405E}.Release|x64.ActiveCfg = Release|Any CPU
		{AD2661EF-98F7-4D41-8E4C-17C94384405E}.Release|x64.Build.0 = Release|Any CPU
		{AD2661EF-98F7-4D41-8E4C-17C94384405E}.Release|x86.ActiveCfg = Release|Any CPU
		{AD2661EF-98F7-4D41-8E4C-17C94384405E}.Release|x86.Build.0 = Release|Any CPU
		{D9800878-58EE-4EB1-9C34-04E84EF0EEB4}.Debug|Any CPU.ActiveCfg = Debug|Any CPU
		{D9800878-58EE-4EB1-9C34-04E84EF0EEB4}.Debug|Any CPU.Build.0 = Debug|Any CPU
		{D9800878-58EE-4EB1-9C34-04E84EF0EEB4}.Debug|x64.ActiveCfg = Debug|Any CPU
		{D9800878-58EE-4EB1-9C34-04E84EF0EEB4}.Debug|x64.Build.0 = Debug|Any CPU
		{D9800878-58EE-4EB1-9C34-04E84EF0EEB4}.Debug|x86.ActiveCfg = Debug|Any CPU
		{D9800878-58EE-4EB1-9C34-04E84EF0EEB4}.Debug|x86.Build.0 = Debug|Any CPU
		{D9800878-58EE-4EB1-9C34-04E84EF0EEB4}.Release|Any CPU.ActiveCfg = Release|Any CPU
		{D9800878-58EE-4EB1-9C34-04E84EF0EEB4}.Release|Any CPU.Build.0 = Release|Any CPU
		{D9800878-58EE-4EB1-9C34-04E84EF0EEB4}.Release|x64.ActiveCfg = Release|Any CPU
		{D9800878-58EE-4EB1-9C34-04E84EF0EEB4}.Release|x64.Build.0 = Release|Any CPU
		{D9800878-58EE-4EB1-9C34-04E84EF0EEB4}.Release|x86.ActiveCfg = Release|Any CPU
		{D9800878-58EE-4EB1-9C34-04E84EF0EEB4}.Release|x86.Build.0 = Release|Any CPU
		{BB9B29ED-7F4D-49F5-9D76-7DADA4E24693}.Debug|Any CPU.ActiveCfg = Debug|Any CPU
		{BB9B29ED-7F4D-49F5-9D76-7DADA4E24693}.Debug|Any CPU.Build.0 = Debug|Any CPU
		{BB9B29ED-7F4D-49F5-9D76-7DADA4E24693}.Debug|x64.ActiveCfg = Debug|Any CPU
		{BB9B29ED-7F4D-49F5-9D76-7DADA4E24693}.Debug|x64.Build.0 = Debug|Any CPU
		{BB9B29ED-7F4D-49F5-9D76-7DADA4E24693}.Debug|x86.ActiveCfg = Debug|Any CPU
		{BB9B29ED-7F4D-49F5-9D76-7DADA4E24693}.Debug|x86.Build.0 = Debug|Any CPU
		{BB9B29ED-7F4D-49F5-9D76-7DADA4E24693}.Release|Any CPU.ActiveCfg = Release|Any CPU
		{BB9B29ED-7F4D-49F5-9D76-7DADA4E24693}.Release|Any CPU.Build.0 = Release|Any CPU
		{BB9B29ED-7F4D-49F5-9D76-7DADA4E24693}.Release|x64.ActiveCfg = Release|Any CPU
		{BB9B29ED-7F4D-49F5-9D76-7DADA4E24693}.Release|x64.Build.0 = Release|Any CPU
		{BB9B29ED-7F4D-49F5-9D76-7DADA4E24693}.Release|x86.ActiveCfg = Release|Any CPU
		{BB9B29ED-7F4D-49F5-9D76-7DADA4E24693}.Release|x86.Build.0 = Release|Any CPU
		{D553E90C-BE28-4AC1-B580-D7DA4440868D}.Debug|Any CPU.ActiveCfg = Debug|Any CPU
		{D553E90C-BE28-4AC1-B580-D7DA4440868D}.Debug|Any CPU.Build.0 = Debug|Any CPU
		{D553E90C-BE28-4AC1-B580-D7DA4440868D}.Debug|x64.ActiveCfg = Debug|Any CPU
		{D553E90C-BE28-4AC1-B580-D7DA4440868D}.Debug|x64.Build.0 = Debug|Any CPU
		{D553E90C-BE28-4AC1-B580-D7DA4440868D}.Debug|x86.ActiveCfg = Debug|Any CPU
		{D553E90C-BE28-4AC1-B580-D7DA4440868D}.Debug|x86.Build.0 = Debug|Any CPU
		{D553E90C-BE28-4AC1-B580-D7DA4440868D}.Release|Any CPU.ActiveCfg = Release|Any CPU
		{D553E90C-BE28-4AC1-B580-D7DA4440868D}.Release|Any CPU.Build.0 = Release|Any CPU
		{D553E90C-BE28-4AC1-B580-D7DA4440868D}.Release|x64.ActiveCfg = Release|Any CPU
		{D553E90C-BE28-4AC1-B580-D7DA4440868D}.Release|x64.Build.0 = Release|Any CPU
		{D553E90C-BE28-4AC1-B580-D7DA4440868D}.Release|x86.ActiveCfg = Release|Any CPU
		{D553E90C-BE28-4AC1-B580-D7DA4440868D}.Release|x86.Build.0 = Release|Any CPU
		{79306626-431D-4A91-928C-248AD4687E08}.Debug|Any CPU.ActiveCfg = Debug|Any CPU
		{79306626-431D-4A91-928C-248AD4687E08}.Debug|Any CPU.Build.0 = Debug|Any CPU
		{79306626-431D-4A91-928C-248AD4687E08}.Debug|x64.ActiveCfg = Debug|Any CPU
		{79306626-431D-4A91-928C-248AD4687E08}.Debug|x64.Build.0 = Debug|Any CPU
		{79306626-431D-4A91-928C-248AD4687E08}.Debug|x86.ActiveCfg = Debug|Any CPU
		{79306626-431D-4A91-928C-248AD4687E08}.Debug|x86.Build.0 = Debug|Any CPU
		{79306626-431D-4A91-928C-248AD4687E08}.Release|Any CPU.ActiveCfg = Release|Any CPU
		{79306626-431D-4A91-928C-248AD4687E08}.Release|Any CPU.Build.0 = Release|Any CPU
		{79306626-431D-4A91-928C-248AD4687E08}.Release|x64.ActiveCfg = Release|Any CPU
		{79306626-431D-4A91-928C-248AD4687E08}.Release|x64.Build.0 = Release|Any CPU
		{79306626-431D-4A91-928C-248AD4687E08}.Release|x86.ActiveCfg = Release|Any CPU
		{79306626-431D-4A91-928C-248AD4687E08}.Release|x86.Build.0 = Release|Any CPU
		{3DC16C86-8FB7-45B0-81BE-392772A7C439}.Debug|Any CPU.ActiveCfg = Debug|Any CPU
		{3DC16C86-8FB7-45B0-81BE-392772A7C439}.Debug|Any CPU.Build.0 = Debug|Any CPU
		{3DC16C86-8FB7-45B0-81BE-392772A7C439}.Debug|x64.ActiveCfg = Debug|Any CPU
		{3DC16C86-8FB7-45B0-81BE-392772A7C439}.Debug|x64.Build.0 = Debug|Any CPU
		{3DC16C86-8FB7-45B0-81BE-392772A7C439}.Debug|x86.ActiveCfg = Debug|Any CPU
		{3DC16C86-8FB7-45B0-81BE-392772A7C439}.Debug|x86.Build.0 = Debug|Any CPU
		{3DC16C86-8FB7-45B0-81BE-392772A7C439}.Release|Any CPU.ActiveCfg = Release|Any CPU
		{3DC16C86-8FB7-45B0-81BE-392772A7C439}.Release|Any CPU.Build.0 = Release|Any CPU
		{3DC16C86-8FB7-45B0-81BE-392772A7C439}.Release|x64.ActiveCfg = Release|Any CPU
		{3DC16C86-8FB7-45B0-81BE-392772A7C439}.Release|x64.Build.0 = Release|Any CPU
		{3DC16C86-8FB7-45B0-81BE-392772A7C439}.Release|x86.ActiveCfg = Release|Any CPU
		{3DC16C86-8FB7-45B0-81BE-392772A7C439}.Release|x86.Build.0 = Release|Any CPU
		{E5A94017-E021-4293-9828-237E6CF0D5D7}.Debug|Any CPU.ActiveCfg = Debug|Any CPU
		{E5A94017-E021-4293-9828-237E6CF0D5D7}.Debug|Any CPU.Build.0 = Debug|Any CPU
		{E5A94017-E021-4293-9828-237E6CF0D5D7}.Debug|x64.ActiveCfg = Debug|Any CPU
		{E5A94017-E021-4293-9828-237E6CF0D5D7}.Debug|x64.Build.0 = Debug|Any CPU
		{E5A94017-E021-4293-9828-237E6CF0D5D7}.Debug|x86.ActiveCfg = Debug|Any CPU
		{E5A94017-E021-4293-9828-237E6CF0D5D7}.Debug|x86.Build.0 = Debug|Any CPU
		{E5A94017-E021-4293-9828-237E6CF0D5D7}.Release|Any CPU.ActiveCfg = Release|Any CPU
		{E5A94017-E021-4293-9828-237E6CF0D5D7}.Release|Any CPU.Build.0 = Release|Any CPU
		{E5A94017-E021-4293-9828-237E6CF0D5D7}.Release|x64.ActiveCfg = Release|Any CPU
		{E5A94017-E021-4293-9828-237E6CF0D5D7}.Release|x64.Build.0 = Release|Any CPU
		{E5A94017-E021-4293-9828-237E6CF0D5D7}.Release|x86.ActiveCfg = Release|Any CPU
		{E5A94017-E021-4293-9828-237E6CF0D5D7}.Release|x86.Build.0 = Release|Any CPU
		{532022DA-BB93-471C-B948-25A5495B716C}.Debug|Any CPU.ActiveCfg = Debug|Any CPU
		{532022DA-BB93-471C-B948-25A5495B716C}.Debug|Any CPU.Build.0 = Debug|Any CPU
		{532022DA-BB93-471C-B948-25A5495B716C}.Debug|x64.ActiveCfg = Debug|Any CPU
		{532022DA-BB93-471C-B948-25A5495B716C}.Debug|x64.Build.0 = Debug|Any CPU
		{532022DA-BB93-471C-B948-25A5495B716C}.Debug|x86.ActiveCfg = Debug|Any CPU
		{532022DA-BB93-471C-B948-25A5495B716C}.Debug|x86.Build.0 = Debug|Any CPU
		{532022DA-BB93-471C-B948-25A5495B716C}.Release|Any CPU.ActiveCfg = Release|Any CPU
		{532022DA-BB93-471C-B948-25A5495B716C}.Release|Any CPU.Build.0 = Release|Any CPU
		{532022DA-BB93-471C-B948-25A5495B716C}.Release|x64.ActiveCfg = Release|Any CPU
		{532022DA-BB93-471C-B948-25A5495B716C}.Release|x64.Build.0 = Release|Any CPU
		{532022DA-BB93-471C-B948-25A5495B716C}.Release|x86.ActiveCfg = Release|Any CPU
		{532022DA-BB93-471C-B948-25A5495B716C}.Release|x86.Build.0 = Release|Any CPU
		{79E1586B-E3D3-40F9-8724-25821835A9B2}.Debug|Any CPU.ActiveCfg = Debug|Any CPU
		{79E1586B-E3D3-40F9-8724-25821835A9B2}.Debug|Any CPU.Build.0 = Debug|Any CPU
		{79E1586B-E3D3-40F9-8724-25821835A9B2}.Debug|x64.ActiveCfg = Debug|Any CPU
		{79E1586B-E3D3-40F9-8724-25821835A9B2}.Debug|x64.Build.0 = Debug|Any CPU
		{79E1586B-E3D3-40F9-8724-25821835A9B2}.Debug|x86.ActiveCfg = Debug|Any CPU
		{79E1586B-E3D3-40F9-8724-25821835A9B2}.Debug|x86.Build.0 = Debug|Any CPU
		{79E1586B-E3D3-40F9-8724-25821835A9B2}.Release|Any CPU.ActiveCfg = Release|Any CPU
		{79E1586B-E3D3-40F9-8724-25821835A9B2}.Release|Any CPU.Build.0 = Release|Any CPU
		{79E1586B-E3D3-40F9-8724-25821835A9B2}.Release|x64.ActiveCfg = Release|Any CPU
		{79E1586B-E3D3-40F9-8724-25821835A9B2}.Release|x64.Build.0 = Release|Any CPU
		{79E1586B-E3D3-40F9-8724-25821835A9B2}.Release|x86.ActiveCfg = Release|Any CPU
		{79E1586B-E3D3-40F9-8724-25821835A9B2}.Release|x86.Build.0 = Release|Any CPU
		{57D5C6C1-6BBC-41E1-8DD2-D7F866628994}.Debug|Any CPU.ActiveCfg = Debug|Any CPU
		{57D5C6C1-6BBC-41E1-8DD2-D7F866628994}.Debug|Any CPU.Build.0 = Debug|Any CPU
		{57D5C6C1-6BBC-41E1-8DD2-D7F866628994}.Debug|x64.ActiveCfg = Debug|Any CPU
		{57D5C6C1-6BBC-41E1-8DD2-D7F866628994}.Debug|x64.Build.0 = Debug|Any CPU
		{57D5C6C1-6BBC-41E1-8DD2-D7F866628994}.Debug|x86.ActiveCfg = Debug|Any CPU
		{57D5C6C1-6BBC-41E1-8DD2-D7F866628994}.Debug|x86.Build.0 = Debug|Any CPU
		{57D5C6C1-6BBC-41E1-8DD2-D7F866628994}.Release|Any CPU.ActiveCfg = Release|Any CPU
		{57D5C6C1-6BBC-41E1-8DD2-D7F866628994}.Release|Any CPU.Build.0 = Release|Any CPU
		{57D5C6C1-6BBC-41E1-8DD2-D7F866628994}.Release|x64.ActiveCfg = Release|Any CPU
		{57D5C6C1-6BBC-41E1-8DD2-D7F866628994}.Release|x64.Build.0 = Release|Any CPU
		{57D5C6C1-6BBC-41E1-8DD2-D7F866628994}.Release|x86.ActiveCfg = Release|Any CPU
		{57D5C6C1-6BBC-41E1-8DD2-D7F866628994}.Release|x86.Build.0 = Release|Any CPU
		{475DB8E7-623B-4F6F-877F-D0C818C17F34}.Debug|Any CPU.ActiveCfg = Debug|Any CPU
		{475DB8E7-623B-4F6F-877F-D0C818C17F34}.Debug|Any CPU.Build.0 = Debug|Any CPU
		{475DB8E7-623B-4F6F-877F-D0C818C17F34}.Debug|x64.ActiveCfg = Debug|Any CPU
		{475DB8E7-623B-4F6F-877F-D0C818C17F34}.Debug|x64.Build.0 = Debug|Any CPU
		{475DB8E7-623B-4F6F-877F-D0C818C17F34}.Debug|x86.ActiveCfg = Debug|Any CPU
		{475DB8E7-623B-4F6F-877F-D0C818C17F34}.Debug|x86.Build.0 = Debug|Any CPU
		{475DB8E7-623B-4F6F-877F-D0C818C17F34}.Release|Any CPU.ActiveCfg = Release|Any CPU
		{475DB8E7-623B-4F6F-877F-D0C818C17F34}.Release|Any CPU.Build.0 = Release|Any CPU
		{475DB8E7-623B-4F6F-877F-D0C818C17F34}.Release|x64.ActiveCfg = Release|Any CPU
		{475DB8E7-623B-4F6F-877F-D0C818C17F34}.Release|x64.Build.0 = Release|Any CPU
		{475DB8E7-623B-4F6F-877F-D0C818C17F34}.Release|x86.ActiveCfg = Release|Any CPU
		{475DB8E7-623B-4F6F-877F-D0C818C17F34}.Release|x86.Build.0 = Release|Any CPU
		{0967FF88-E435-4132-9524-B252A3D9BCD6}.Debug|Any CPU.ActiveCfg = Debug|Any CPU
		{0967FF88-E435-4132-9524-B252A3D9BCD6}.Debug|Any CPU.Build.0 = Debug|Any CPU
		{0967FF88-E435-4132-9524-B252A3D9BCD6}.Debug|x64.ActiveCfg = Debug|Any CPU
		{0967FF88-E435-4132-9524-B252A3D9BCD6}.Debug|x64.Build.0 = Debug|Any CPU
		{0967FF88-E435-4132-9524-B252A3D9BCD6}.Debug|x86.ActiveCfg = Debug|Any CPU
		{0967FF88-E435-4132-9524-B252A3D9BCD6}.Debug|x86.Build.0 = Debug|Any CPU
		{0967FF88-E435-4132-9524-B252A3D9BCD6}.Release|Any CPU.ActiveCfg = Release|Any CPU
		{0967FF88-E435-4132-9524-B252A3D9BCD6}.Release|Any CPU.Build.0 = Release|Any CPU
		{0967FF88-E435-4132-9524-B252A3D9BCD6}.Release|x64.ActiveCfg = Release|Any CPU
		{0967FF88-E435-4132-9524-B252A3D9BCD6}.Release|x64.Build.0 = Release|Any CPU
		{0967FF88-E435-4132-9524-B252A3D9BCD6}.Release|x86.ActiveCfg = Release|Any CPU
		{0967FF88-E435-4132-9524-B252A3D9BCD6}.Release|x86.Build.0 = Release|Any CPU
		{745F9D4C-C664-4702-A547-05E97372AAF4}.Debug|Any CPU.ActiveCfg = Debug|Any CPU
		{745F9D4C-C664-4702-A547-05E97372AAF4}.Debug|Any CPU.Build.0 = Debug|Any CPU
		{745F9D4C-C664-4702-A547-05E97372AAF4}.Debug|x64.ActiveCfg = Debug|Any CPU
		{745F9D4C-C664-4702-A547-05E97372AAF4}.Debug|x64.Build.0 = Debug|Any CPU
		{745F9D4C-C664-4702-A547-05E97372AAF4}.Debug|x86.ActiveCfg = Debug|Any CPU
		{745F9D4C-C664-4702-A547-05E97372AAF4}.Debug|x86.Build.0 = Debug|Any CPU
		{745F9D4C-C664-4702-A547-05E97372AAF4}.Release|Any CPU.ActiveCfg = Release|Any CPU
		{745F9D4C-C664-4702-A547-05E97372AAF4}.Release|Any CPU.Build.0 = Release|Any CPU
		{745F9D4C-C664-4702-A547-05E97372AAF4}.Release|x64.ActiveCfg = Release|Any CPU
		{745F9D4C-C664-4702-A547-05E97372AAF4}.Release|x64.Build.0 = Release|Any CPU
		{745F9D4C-C664-4702-A547-05E97372AAF4}.Release|x86.ActiveCfg = Release|Any CPU
		{745F9D4C-C664-4702-A547-05E97372AAF4}.Release|x86.Build.0 = Release|Any CPU
	EndGlobalSection
	GlobalSection(SolutionProperties) = preSolution
		HideSolutionNode = FALSE
	EndGlobalSection
	GlobalSection(NestedProjects) = preSolution
		{4A6201B4-9FDD-4A39-BF8F-EBD96DEA2AB8} = {F7B9BFB1-C836-4432-BE64-719A38E0BBEF}
		{2ABC36D6-8D01-41C1-BB3A-550EB407E53C} = {F7B9BFB1-C836-4432-BE64-719A38E0BBEF}
		{8F2A6970-5C67-48B6-9B0C-3698217DF1A3} = {9806905E-1B09-4AC2-BF4F-731C9E473F94}
		{AD2661EF-98F7-4D41-8E4C-17C94384405E} = {F7B9BFB1-C836-4432-BE64-719A38E0BBEF}
		{D9800878-58EE-4EB1-9C34-04E84EF0EEB4} = {F7B9BFB1-C836-4432-BE64-719A38E0BBEF}
		{BB9B29ED-7F4D-49F5-9D76-7DADA4E24693} = {9806905E-1B09-4AC2-BF4F-731C9E473F94}
		{D553E90C-BE28-4AC1-B580-D7DA4440868D} = {9806905E-1B09-4AC2-BF4F-731C9E473F94}
		{79306626-431D-4A91-928C-248AD4687E08} = {F7B9BFB1-C836-4432-BE64-719A38E0BBEF}
		{3DC16C86-8FB7-45B0-81BE-392772A7C439} = {F7B9BFB1-C836-4432-BE64-719A38E0BBEF}
		{E5A94017-E021-4293-9828-237E6CF0D5D7} = {F7B9BFB1-C836-4432-BE64-719A38E0BBEF}
		{532022DA-BB93-471C-B948-25A5495B716C} = {F7B9BFB1-C836-4432-BE64-719A38E0BBEF}
		{79E1586B-E3D3-40F9-8724-25821835A9B2} = {F7B9BFB1-C836-4432-BE64-719A38E0BBEF}
		{57D5C6C1-6BBC-41E1-8DD2-D7F866628994} = {9806905E-1B09-4AC2-BF4F-731C9E473F94}
		{475DB8E7-623B-4F6F-877F-D0C818C17F34} = {9806905E-1B09-4AC2-BF4F-731C9E473F94}
		{0967FF88-E435-4132-9524-B252A3D9BCD6} = {9806905E-1B09-4AC2-BF4F-731C9E473F94}
		{745F9D4C-C664-4702-A547-05E97372AAF4} = {F7B9BFB1-C836-4432-BE64-719A38E0BBEF}
	EndGlobalSection
	GlobalSection(ExtensibilityGlobals) = postSolution
		SolutionGuid = {B5B02039-F4C2-44C6-91B8-340E44472AED}
	EndGlobalSection
EndGlobal
